
Microsoft Visual Studio Solution File, Format Version 12.00
# Visual Studio Version 17
VisualStudioVersion = 17.1.32210.238
MinimumVisualStudioVersion = 10.0.40219.1
Project("{FAE04EC0-301F-11D3-BF4B-00C04F79EFBC}") = "Stopwatch_Program", "Stopwatch_Program\Stopwatch_Program.csproj", "{785B5449-DC5C-4826-B0DE-49B4E898689E}"
EndProject
Global
	GlobalSection(SolutionConfigurationPlatforms) = preSolution
		Debug|Any CPU = Debug|Any CPU
		Release|Any CPU = Release|Any CPU
	EndGlobalSection
	GlobalSection(ProjectConfigurationPlatforms) = postSolution
		{785B5449-DC5C-4826-B0DE-49B4E898689E}.Debug|Any CPU.ActiveCfg = Debug|Any CPU
		{785B5449-DC5C-4826-B0DE-49B4E898689E}.Debug|Any CPU.Build.0 = Debug|Any CPU
		{785B5449-DC5C-4826-B0DE-49B4E898689E}.Release|Any CPU.ActiveCfg = Release|Any CPU
		{785B5449-DC5C-4826-B0DE-49B4E898689E}.Release|Any CPU.Build.0 = Release|Any CPU
	EndGlobalSection
	GlobalSection(SolutionProperties) = preSolution
		HideSolutionNode = FALSE
	EndGlobalSection
	GlobalSection(ExtensibilityGlobals) = postSolution
		SolutionGuid = {8B733C60-AC6C-4451-81BB-437F2A98DD90}
	EndGlobalSection
EndGlobal
